
Microsoft Visual Studio Solution File, Format Version 12.00
# Visual Studio Version 17
VisualStudioVersion = 17.2.32616.157
MinimumVisualStudioVersion = 10.0.40219.1
Project("{9A19103F-16F7-4668-BE54-9A1E7A4F7556}") = "CSharpSamplesProject", "CSharpSamplesProject\CSharpSamplesProject.csproj", "{79265FD6-F0AF-4D2B-BAD0-D8F9A5024734}"
EndProject
Project("{9A19103F-16F7-4668-BE54-9A1E7A4F7556}") = "FirstIdentifiers", "FirstIdentifiers\FirstIdentifiers.csproj", "{E78B15E2-BEBA-4C09-9B27-7C7B9A48643A}"
EndProject
Project("{9A19103F-16F7-4668-BE54-9A1E7A4F7556}") = "SimpleStringExample", "SimpleStringExample\SimpleStringExample.csproj", "{CBE3438F-3456-4862-850C-FCFB3401FA59}"
EndProject
Project("{9A19103F-16F7-4668-BE54-9A1E7A4F7556}") = "ACoupleOperators", "ACoupleOperators\ACoupleOperators.csproj", "{246600B5-F424-4482-BC5E-C5E9C11120A0}"
EndProject
Project("{9A19103F-16F7-4668-BE54-9A1E7A4F7556}") = "MathOperators", "MathOperators\MathOperators.csproj", "{FFF14C90-BA12-4C79-A7AB-9A389DA19D60}"
EndProject
Project("{9A19103F-16F7-4668-BE54-9A1E7A4F7556}") = "StringConcatenation", "StringConcatenation\StringConcatenation.csproj", "{B1FFC914-4131-4CBB-B3E7-D05BB2D63AE7}"
EndProject
Project("{9A19103F-16F7-4668-BE54-9A1E7A4F7556}") = "RandomNumbers", "RandomNumbers\RandomNumbers.csproj", "{951DA34D-3743-4D8C-9729-002F7996ACB2}"
EndProject
Project("{9A19103F-16F7-4668-BE54-9A1E7A4F7556}") = "RandomCharacters", "RandomCharacters\RandomCharacters.csproj", "{1B291FFC-E8C4-4152-9C53-62DBE71EB671}"
EndProject
Project("{9A19103F-16F7-4668-BE54-9A1E7A4F7556}") = "UserInterface", "UserInterface\UserInterface.csproj", "{F2789B26-51AB-4D79-ACF9-74EA72881F31}"
EndProject
Project("{9A19103F-16F7-4668-BE54-9A1E7A4F7556}") = "UserInput", "UserInput\UserInput.csproj", "{BDD8E33A-F3F1-41AD-A413-F5C47E5FEE3F}"
EndProject
Project("{9A19103F-16F7-4668-BE54-9A1E7A4F7556}") = "CharterVans", "CharterVans\CharterVans.csproj", "{926D82C3-7354-403B-AFED-2CB8B59A5E62}"
EndProject
Project("{9A19103F-16F7-4668-BE54-9A1E7A4F7556}") = "FloatingPointEquality", "FloatingPointEquality\FloatingPointEquality.csproj", "{8759856F-9E71-4394-B71E-AADF8F79566C}"
EndProject
Project("{9A19103F-16F7-4668-BE54-9A1E7A4F7556}") = "SimpleMenu", "SimpleMenu\SimpleMenu.csproj", "{8FAAED9F-917D-4E88-B96B-FF1365AA8449}"
EndProject
Project("{9A19103F-16F7-4668-BE54-9A1E7A4F7556}") = "Looping", "Looping\Looping.csproj", "{F3AFBDC2-218A-4F62-B838-C47D82FA8FA3}"
EndProject
Project("{9A19103F-16F7-4668-BE54-9A1E7A4F7556}") = "StringComparisons", "StringComparisons\StringComparisons.csproj", "{CECC22BC-8B51-40DA-8D16-D9A7197A6BCF}"
EndProject
Project("{9A19103F-16F7-4668-BE54-9A1E7A4F7556}") = "Functions", "Functions\Functions.csproj", "{CE1E3024-58B5-47B7-A957-94D3A46DF740}"
EndProject
Project("{9A19103F-16F7-4668-BE54-9A1E7A4F7556}") = "NotEatingNewlines", "NotEatingNewlines\NotEatingNewlines.csproj", "{18748DFA-8EFE-4893-A30F-30D202AB9312}"
EndProject
Project("{9A19103F-16F7-4668-BE54-9A1E7A4F7556}") = "StringBuilderExample", "StringBuilderExample\StringBuilderExample.csproj", "{000B5156-394F-496C-9C98-68F823B817CE}"
EndProject
Project("{9A19103F-16F7-4668-BE54-9A1E7A4F7556}") = "FunctionMazeSimple", "FunctionMazeSimple\FunctionMazeSimple.csproj", "{D35499F3-D8B8-41BF-8681-76D2B85FE051}"
EndProject
Project("{9A19103F-16F7-4668-BE54-9A1E7A4F7556}") = "FunctionMazeSimpleReboot", "FunctionMazeSimpleReboot\FunctionMazeSimpleReboot.csproj", "{119A0190-CC69-41AA-8BC4-4BFA388E0499}"
EndProject
Project("{9A19103F-16F7-4668-BE54-9A1E7A4F7556}") = "SimpleSineCosine", "SimpleSineCosine\SimpleSineCosine.csproj", "{5FB98554-9485-42A4-815D-E2D258B67704}"
EndProject
Project("{9A19103F-16F7-4668-BE54-9A1E7A4F7556}") = "FunctionsSimplePassData", "FunctionsSimplePassData\FunctionsSimplePassData.csproj", "{A7A202D2-177A-4E39-B29D-93A0474DB5A9}"
EndProject
Project("{9A19103F-16F7-4668-BE54-9A1E7A4F7556}") = "FunctionsOverloading", "FunctionsOverloading\FunctionsOverloading.csproj", "{30F5EF90-2534-45BF-95F9-8F58C1006DE4}"
EndProject
Project("{9A19103F-16F7-4668-BE54-9A1E7A4F7556}") = "EnumExample", "EnumExample\EnumExample.csproj", "{BF0B70C7-6DD7-4589-9943-621A06E7C4B2}"
EndProject
Project("{9A19103F-16F7-4668-BE54-9A1E7A4F7556}") = "EnumConcessionStand", "EnumConsessionStand\EnumConcessionStand.csproj", "{CF3300CF-BF9D-41BD-982B-259B2856723D}"
EndProject
Project("{9A19103F-16F7-4668-BE54-9A1E7A4F7556}") = "ShapeTester", "ShapeTester\ShapeTester.csproj", "{EADFE024-C7D9-4A4A-9A07-4708B95220A7}"
EndProject
Project("{9A19103F-16F7-4668-BE54-9A1E7A4F7556}") = "ListExample", "ListExample\ListExample.csproj", "{ED3917EE-7EC3-4A37-8BF1-05D85F23C0E4}"
EndProject
Project("{9A19103F-16F7-4668-BE54-9A1E7A4F7556}") = "ListStringExample", "ListStringExample\ListStringExample.csproj", "{7C1EB9C7-7BE9-4A15-9BC1-5A28C1DFFE17}"
EndProject
Project("{FAE04EC0-301F-11D3-BF4B-00C04F79EFBC}") = "FileReadingExample", "FileReadingExample\FileReadingExample.csproj", "{48750706-D35D-4F10-B6F6-85E61200D0E1}"
EndProject
Project("{FAE04EC0-301F-11D3-BF4B-00C04F79EFBC}") = "FileReadingDelimited", "FileReadingDelimited\FileReadingDelimited.csproj", "{1F66CA0E-06B8-4FD0-8109-FE1CD620BD48}"
EndProject
Project("{FAE04EC0-301F-11D3-BF4B-00C04F79EFBC}") = "MiscellaneousStuff", "MiscellaneousStuff\MiscellaneousStuff.csproj", "{359396EF-104E-4658-9767-38B0F4F45671}"
EndProject
Global
	GlobalSection(SolutionConfigurationPlatforms) = preSolution
		Debug|Any CPU = Debug|Any CPU
		Release|Any CPU = Release|Any CPU
	EndGlobalSection
	GlobalSection(ProjectConfigurationPlatforms) = postSolution
		{79265FD6-F0AF-4D2B-BAD0-D8F9A5024734}.Debug|Any CPU.ActiveCfg = Debug|Any CPU
		{79265FD6-F0AF-4D2B-BAD0-D8F9A5024734}.Debug|Any CPU.Build.0 = Debug|Any CPU
		{79265FD6-F0AF-4D2B-BAD0-D8F9A5024734}.Release|Any CPU.ActiveCfg = Release|Any CPU
		{79265FD6-F0AF-4D2B-BAD0-D8F9A5024734}.Release|Any CPU.Build.0 = Release|Any CPU
		{E78B15E2-BEBA-4C09-9B27-7C7B9A48643A}.Debug|Any CPU.ActiveCfg = Debug|Any CPU
		{E78B15E2-BEBA-4C09-9B27-7C7B9A48643A}.Debug|Any CPU.Build.0 = Debug|Any CPU
		{E78B15E2-BEBA-4C09-9B27-7C7B9A48643A}.Release|Any CPU.ActiveCfg = Release|Any CPU
		{E78B15E2-BEBA-4C09-9B27-7C7B9A48643A}.Release|Any CPU.Build.0 = Release|Any CPU
		{CBE3438F-3456-4862-850C-FCFB3401FA59}.Debug|Any CPU.ActiveCfg = Debug|Any CPU
		{CBE3438F-3456-4862-850C-FCFB3401FA59}.Debug|Any CPU.Build.0 = Debug|Any CPU
		{CBE3438F-3456-4862-850C-FCFB3401FA59}.Release|Any CPU.ActiveCfg = Release|Any CPU
		{CBE3438F-3456-4862-850C-FCFB3401FA59}.Release|Any CPU.Build.0 = Release|Any CPU
		{246600B5-F424-4482-BC5E-C5E9C11120A0}.Debug|Any CPU.ActiveCfg = Debug|Any CPU
		{246600B5-F424-4482-BC5E-C5E9C11120A0}.Debug|Any CPU.Build.0 = Debug|Any CPU
		{246600B5-F424-4482-BC5E-C5E9C11120A0}.Release|Any CPU.ActiveCfg = Release|Any CPU
		{246600B5-F424-4482-BC5E-C5E9C11120A0}.Release|Any CPU.Build.0 = Release|Any CPU
		{FFF14C90-BA12-4C79-A7AB-9A389DA19D60}.Debug|Any CPU.ActiveCfg = Debug|Any CPU
		{FFF14C90-BA12-4C79-A7AB-9A389DA19D60}.Debug|Any CPU.Build.0 = Debug|Any CPU
		{FFF14C90-BA12-4C79-A7AB-9A389DA19D60}.Release|Any CPU.ActiveCfg = Release|Any CPU
		{FFF14C90-BA12-4C79-A7AB-9A389DA19D60}.Release|Any CPU.Build.0 = Release|Any CPU
		{B1FFC914-4131-4CBB-B3E7-D05BB2D63AE7}.Debug|Any CPU.ActiveCfg = Debug|Any CPU
		{B1FFC914-4131-4CBB-B3E7-D05BB2D63AE7}.Debug|Any CPU.Build.0 = Debug|Any CPU
		{B1FFC914-4131-4CBB-B3E7-D05BB2D63AE7}.Release|Any CPU.ActiveCfg = Release|Any CPU
		{B1FFC914-4131-4CBB-B3E7-D05BB2D63AE7}.Release|Any CPU.Build.0 = Release|Any CPU
		{951DA34D-3743-4D8C-9729-002F7996ACB2}.Debug|Any CPU.ActiveCfg = Debug|Any CPU
		{951DA34D-3743-4D8C-9729-002F7996ACB2}.Debug|Any CPU.Build.0 = Debug|Any CPU
		{951DA34D-3743-4D8C-9729-002F7996ACB2}.Release|Any CPU.ActiveCfg = Release|Any CPU
		{951DA34D-3743-4D8C-9729-002F7996ACB2}.Release|Any CPU.Build.0 = Release|Any CPU
		{1B291FFC-E8C4-4152-9C53-62DBE71EB671}.Debug|Any CPU.ActiveCfg = Debug|Any CPU
		{1B291FFC-E8C4-4152-9C53-62DBE71EB671}.Debug|Any CPU.Build.0 = Debug|Any CPU
		{1B291FFC-E8C4-4152-9C53-62DBE71EB671}.Release|Any CPU.ActiveCfg = Release|Any CPU
		{1B291FFC-E8C4-4152-9C53-62DBE71EB671}.Release|Any CPU.Build.0 = Release|Any CPU
		{F2789B26-51AB-4D79-ACF9-74EA72881F31}.Debug|Any CPU.ActiveCfg = Debug|Any CPU
		{F2789B26-51AB-4D79-ACF9-74EA72881F31}.Debug|Any CPU.Build.0 = Debug|Any CPU
		{F2789B26-51AB-4D79-ACF9-74EA72881F31}.Release|Any CPU.ActiveCfg = Release|Any CPU
		{F2789B26-51AB-4D79-ACF9-74EA72881F31}.Release|Any CPU.Build.0 = Release|Any CPU
		{BDD8E33A-F3F1-41AD-A413-F5C47E5FEE3F}.Debug|Any CPU.ActiveCfg = Debug|Any CPU
		{BDD8E33A-F3F1-41AD-A413-F5C47E5FEE3F}.Debug|Any CPU.Build.0 = Debug|Any CPU
		{BDD8E33A-F3F1-41AD-A413-F5C47E5FEE3F}.Release|Any CPU.ActiveCfg = Release|Any CPU
		{BDD8E33A-F3F1-41AD-A413-F5C47E5FEE3F}.Release|Any CPU.Build.0 = Release|Any CPU
		{926D82C3-7354-403B-AFED-2CB8B59A5E62}.Debug|Any CPU.ActiveCfg = Debug|Any CPU
		{926D82C3-7354-403B-AFED-2CB8B59A5E62}.Debug|Any CPU.Build.0 = Debug|Any CPU
		{926D82C3-7354-403B-AFED-2CB8B59A5E62}.Release|Any CPU.ActiveCfg = Release|Any CPU
		{926D82C3-7354-403B-AFED-2CB8B59A5E62}.Release|Any CPU.Build.0 = Release|Any CPU
		{8759856F-9E71-4394-B71E-AADF8F79566C}.Debug|Any CPU.ActiveCfg = Debug|Any CPU
		{8759856F-9E71-4394-B71E-AADF8F79566C}.Debug|Any CPU.Build.0 = Debug|Any CPU
		{8759856F-9E71-4394-B71E-AADF8F79566C}.Release|Any CPU.ActiveCfg = Release|Any CPU
		{8759856F-9E71-4394-B71E-AADF8F79566C}.Release|Any CPU.Build.0 = Release|Any CPU
		{8FAAED9F-917D-4E88-B96B-FF1365AA8449}.Debug|Any CPU.ActiveCfg = Debug|Any CPU
		{8FAAED9F-917D-4E88-B96B-FF1365AA8449}.Debug|Any CPU.Build.0 = Debug|Any CPU
		{8FAAED9F-917D-4E88-B96B-FF1365AA8449}.Release|Any CPU.ActiveCfg = Release|Any CPU
		{8FAAED9F-917D-4E88-B96B-FF1365AA8449}.Release|Any CPU.Build.0 = Release|Any CPU
		{F3AFBDC2-218A-4F62-B838-C47D82FA8FA3}.Debug|Any CPU.ActiveCfg = Debug|Any CPU
		{F3AFBDC2-218A-4F62-B838-C47D82FA8FA3}.Debug|Any CPU.Build.0 = Debug|Any CPU
		{F3AFBDC2-218A-4F62-B838-C47D82FA8FA3}.Release|Any CPU.ActiveCfg = Release|Any CPU
		{F3AFBDC2-218A-4F62-B838-C47D82FA8FA3}.Release|Any CPU.Build.0 = Release|Any CPU
		{CECC22BC-8B51-40DA-8D16-D9A7197A6BCF}.Debug|Any CPU.ActiveCfg = Debug|Any CPU
		{CECC22BC-8B51-40DA-8D16-D9A7197A6BCF}.Debug|Any CPU.Build.0 = Debug|Any CPU
		{CECC22BC-8B51-40DA-8D16-D9A7197A6BCF}.Release|Any CPU.ActiveCfg = Release|Any CPU
		{CECC22BC-8B51-40DA-8D16-D9A7197A6BCF}.Release|Any CPU.Build.0 = Release|Any CPU
		{CE1E3024-58B5-47B7-A957-94D3A46DF740}.Debug|Any CPU.ActiveCfg = Debug|Any CPU
		{CE1E3024-58B5-47B7-A957-94D3A46DF740}.Debug|Any CPU.Build.0 = Debug|Any CPU
		{CE1E3024-58B5-47B7-A957-94D3A46DF740}.Release|Any CPU.ActiveCfg = Release|Any CPU
		{CE1E3024-58B5-47B7-A957-94D3A46DF740}.Release|Any CPU.Build.0 = Release|Any CPU
		{18748DFA-8EFE-4893-A30F-30D202AB9312}.Debug|Any CPU.ActiveCfg = Debug|Any CPU
		{18748DFA-8EFE-4893-A30F-30D202AB9312}.Debug|Any CPU.Build.0 = Debug|Any CPU
		{18748DFA-8EFE-4893-A30F-30D202AB9312}.Release|Any CPU.ActiveCfg = Release|Any CPU
		{18748DFA-8EFE-4893-A30F-30D202AB9312}.Release|Any CPU.Build.0 = Release|Any CPU
		{000B5156-394F-496C-9C98-68F823B817CE}.Debug|Any CPU.ActiveCfg = Debug|Any CPU
		{000B5156-394F-496C-9C98-68F823B817CE}.Debug|Any CPU.Build.0 = Debug|Any CPU
		{000B5156-394F-496C-9C98-68F823B817CE}.Release|Any CPU.ActiveCfg = Release|Any CPU
		{000B5156-394F-496C-9C98-68F823B817CE}.Release|Any CPU.Build.0 = Release|Any CPU
		{D35499F3-D8B8-41BF-8681-76D2B85FE051}.Debug|Any CPU.ActiveCfg = Debug|Any CPU
		{D35499F3-D8B8-41BF-8681-76D2B85FE051}.Debug|Any CPU.Build.0 = Debug|Any CPU
		{D35499F3-D8B8-41BF-8681-76D2B85FE051}.Release|Any CPU.ActiveCfg = Release|Any CPU
		{D35499F3-D8B8-41BF-8681-76D2B85FE051}.Release|Any CPU.Build.0 = Release|Any CPU
		{119A0190-CC69-41AA-8BC4-4BFA388E0499}.Debug|Any CPU.ActiveCfg = Debug|Any CPU
		{119A0190-CC69-41AA-8BC4-4BFA388E0499}.Debug|Any CPU.Build.0 = Debug|Any CPU
		{119A0190-CC69-41AA-8BC4-4BFA388E0499}.Release|Any CPU.ActiveCfg = Release|Any CPU
		{119A0190-CC69-41AA-8BC4-4BFA388E0499}.Release|Any CPU.Build.0 = Release|Any CPU
		{5FB98554-9485-42A4-815D-E2D258B67704}.Debug|Any CPU.ActiveCfg = Debug|Any CPU
		{5FB98554-9485-42A4-815D-E2D258B67704}.Debug|Any CPU.Build.0 = Debug|Any CPU
		{5FB98554-9485-42A4-815D-E2D258B67704}.Release|Any CPU.ActiveCfg = Release|Any CPU
		{5FB98554-9485-42A4-815D-E2D258B67704}.Release|Any CPU.Build.0 = Release|Any CPU
		{A7A202D2-177A-4E39-B29D-93A0474DB5A9}.Debug|Any CPU.ActiveCfg = Debug|Any CPU
		{A7A202D2-177A-4E39-B29D-93A0474DB5A9}.Debug|Any CPU.Build.0 = Debug|Any CPU
		{A7A202D2-177A-4E39-B29D-93A0474DB5A9}.Release|Any CPU.ActiveCfg = Release|Any CPU
		{A7A202D2-177A-4E39-B29D-93A0474DB5A9}.Release|Any CPU.Build.0 = Release|Any CPU
		{30F5EF90-2534-45BF-95F9-8F58C1006DE4}.Debug|Any CPU.ActiveCfg = Debug|Any CPU
		{30F5EF90-2534-45BF-95F9-8F58C1006DE4}.Debug|Any CPU.Build.0 = Debug|Any CPU
		{30F5EF90-2534-45BF-95F9-8F58C1006DE4}.Release|Any CPU.ActiveCfg = Release|Any CPU
		{30F5EF90-2534-45BF-95F9-8F58C1006DE4}.Release|Any CPU.Build.0 = Release|Any CPU
		{BF0B70C7-6DD7-4589-9943-621A06E7C4B2}.Debug|Any CPU.ActiveCfg = Debug|Any CPU
		{BF0B70C7-6DD7-4589-9943-621A06E7C4B2}.Debug|Any CPU.Build.0 = Debug|Any CPU
		{BF0B70C7-6DD7-4589-9943-621A06E7C4B2}.Release|Any CPU.ActiveCfg = Release|Any CPU
		{BF0B70C7-6DD7-4589-9943-621A06E7C4B2}.Release|Any CPU.Build.0 = Release|Any CPU
		{CF3300CF-BF9D-41BD-982B-259B2856723D}.Debug|Any CPU.ActiveCfg = Debug|Any CPU
		{CF3300CF-BF9D-41BD-982B-259B2856723D}.Debug|Any CPU.Build.0 = Debug|Any CPU
		{CF3300CF-BF9D-41BD-982B-259B2856723D}.Release|Any CPU.ActiveCfg = Release|Any CPU
		{CF3300CF-BF9D-41BD-982B-259B2856723D}.Release|Any CPU.Build.0 = Release|Any CPU
		{EADFE024-C7D9-4A4A-9A07-4708B95220A7}.Debug|Any CPU.ActiveCfg = Debug|Any CPU
		{EADFE024-C7D9-4A4A-9A07-4708B95220A7}.Debug|Any CPU.Build.0 = Debug|Any CPU
		{EADFE024-C7D9-4A4A-9A07-4708B95220A7}.Release|Any CPU.ActiveCfg = Release|Any CPU
		{EADFE024-C7D9-4A4A-9A07-4708B95220A7}.Release|Any CPU.Build.0 = Release|Any CPU
		{ED3917EE-7EC3-4A37-8BF1-05D85F23C0E4}.Debug|Any CPU.ActiveCfg = Debug|Any CPU
		{ED3917EE-7EC3-4A37-8BF1-05D85F23C0E4}.Debug|Any CPU.Build.0 = Debug|Any CPU
		{ED3917EE-7EC3-4A37-8BF1-05D85F23C0E4}.Release|Any CPU.ActiveCfg = Release|Any CPU
		{ED3917EE-7EC3-4A37-8BF1-05D85F23C0E4}.Release|Any CPU.Build.0 = Release|Any CPU
		{7C1EB9C7-7BE9-4A15-9BC1-5A28C1DFFE17}.Debug|Any CPU.ActiveCfg = Debug|Any CPU
		{7C1EB9C7-7BE9-4A15-9BC1-5A28C1DFFE17}.Debug|Any CPU.Build.0 = Debug|Any CPU
		{7C1EB9C7-7BE9-4A15-9BC1-5A28C1DFFE17}.Release|Any CPU.ActiveCfg = Release|Any CPU
		{7C1EB9C7-7BE9-4A15-9BC1-5A28C1DFFE17}.Release|Any CPU.Build.0 = Release|Any CPU
		{48750706-D35D-4F10-B6F6-85E61200D0E1}.Debug|Any CPU.ActiveCfg = Debug|Any CPU
		{48750706-D35D-4F10-B6F6-85E61200D0E1}.Debug|Any CPU.Build.0 = Debug|Any CPU
		{48750706-D35D-4F10-B6F6-85E61200D0E1}.Release|Any CPU.ActiveCfg = Release|Any CPU
		{48750706-D35D-4F10-B6F6-85E61200D0E1}.Release|Any CPU.Build.0 = Release|Any CPU
		{1F66CA0E-06B8-4FD0-8109-FE1CD620BD48}.Debug|Any CPU.ActiveCfg = Debug|Any CPU
		{1F66CA0E-06B8-4FD0-8109-FE1CD620BD48}.Debug|Any CPU.Build.0 = Debug|Any CPU
		{1F66CA0E-06B8-4FD0-8109-FE1CD620BD48}.Release|Any CPU.ActiveCfg = Release|Any CPU
		{1F66CA0E-06B8-4FD0-8109-FE1CD620BD48}.Release|Any CPU.Build.0 = Release|Any CPU
		{359396EF-104E-4658-9767-38B0F4F45671}.Debug|Any CPU.ActiveCfg = Debug|Any CPU
		{359396EF-104E-4658-9767-38B0F4F45671}.Debug|Any CPU.Build.0 = Debug|Any CPU
		{359396EF-104E-4658-9767-38B0F4F45671}.Release|Any CPU.ActiveCfg = Release|Any CPU
		{359396EF-104E-4658-9767-38B0F4F45671}.Release|Any CPU.Build.0 = Release|Any CPU
	EndGlobalSection
	GlobalSection(SolutionProperties) = preSolution
		HideSolutionNode = FALSE
	EndGlobalSection
	GlobalSection(ExtensibilityGlobals) = postSolution
		SolutionGuid = {62D8C44D-081A-4CCD-9012-2C2A4D64C0F0}
	EndGlobalSection
EndGlobal
