
Microsoft Visual Studio Solution File, Format Version 12.00
# Visual Studio Version 17
VisualStudioVersion = 17.2.32616.157
MinimumVisualStudioVersion = 10.0.40219.1
Project("{9A19103F-16F7-4668-BE54-9A1E7A4F7556}") = "CSharpSamplesProject", "CSharpSamplesProject\CSharpSamplesProject.csproj", "{79265FD6-F0AF-4D2B-BAD0-D8F9A5024734}"
EndProject
Project("{9A19103F-16F7-4668-BE54-9A1E7A4F7556}") = "FirstIdentifiers", "FirstIdentifiers\FirstIdentifiers.csproj", "{E78B15E2-BEBA-4C09-9B27-7C7B9A48643A}"
EndProject
Project("{9A19103F-16F7-4668-BE54-9A1E7A4F7556}") = "SimpleStringExample", "SimpleStringExample\SimpleStringExample.csproj", "{CBE3438F-3456-4862-850C-FCFB3401FA59}"
EndProject
Project("{9A19103F-16F7-4668-BE54-9A1E7A4F7556}") = "ACoupleOperators", "ACoupleOperators\ACoupleOperators.csproj", "{246600B5-F424-4482-BC5E-C5E9C11120A0}"
EndProject
Project("{9A19103F-16F7-4668-BE54-9A1E7A4F7556}") = "MathOperators", "MathOperators\MathOperators.csproj", "{FFF14C90-BA12-4C79-A7AB-9A389DA19D60}"
EndProject
Project("{9A19103F-16F7-4668-BE54-9A1E7A4F7556}") = "StringConcatenation", "StringConcatenation\StringConcatenation.csproj", "{B1FFC914-4131-4CBB-B3E7-D05BB2D63AE7}"
EndProject
Project("{9A19103F-16F7-4668-BE54-9A1E7A4F7556}") = "RandomNumbers", "RandomNumbers\RandomNumbers.csproj", "{951DA34D-3743-4D8C-9729-002F7996ACB2}"
EndProject
Project("{9A19103F-16F7-4668-BE54-9A1E7A4F7556}") = "RandomCharacters", "RandomCharacters\RandomCharacters.csproj", "{1B291FFC-E8C4-4152-9C53-62DBE71EB671}"
EndProject
Project("{9A19103F-16F7-4668-BE54-9A1E7A4F7556}") = "UserInterface", "UserInterface\UserInterface.csproj", "{F2789B26-51AB-4D79-ACF9-74EA72881F31}"
EndProject
Project("{FAE04EC0-301F-11D3-BF4B-00C04F79EFBC}") = "UserInput", "UserInput\UserInput.csproj", "{BDD8E33A-F3F1-41AD-A413-F5C47E5FEE3F}"
EndProject
Project("{FAE04EC0-301F-11D3-BF4B-00C04F79EFBC}") = "CharterVans", "CharterVans\CharterVans.csproj", "{926D82C3-7354-403B-AFED-2CB8B59A5E62}"
EndProject
Project("{FAE04EC0-301F-11D3-BF4B-00C04F79EFBC}") = "FloatingPointEquality", "FloatingPointEquality\FloatingPointEquality.csproj", "{8759856F-9E71-4394-B71E-AADF8F79566C}"
EndProject
Project("{FAE04EC0-301F-11D3-BF4B-00C04F79EFBC}") = "SimpleMenu", "SimpleMenu\SimpleMenu.csproj", "{8FAAED9F-917D-4E88-B96B-FF1365AA8449}"
EndProject
Global
	GlobalSection(SolutionConfigurationPlatforms) = preSolution
		Debug|Any CPU = Debug|Any CPU
		Release|Any CPU = Release|Any CPU
	EndGlobalSection
	GlobalSection(ProjectConfigurationPlatforms) = postSolution
		{79265FD6-F0AF-4D2B-BAD0-D8F9A5024734}.Debug|Any CPU.ActiveCfg = Debug|Any CPU
		{79265FD6-F0AF-4D2B-BAD0-D8F9A5024734}.Debug|Any CPU.Build.0 = Debug|Any CPU
		{79265FD6-F0AF-4D2B-BAD0-D8F9A5024734}.Release|Any CPU.ActiveCfg = Release|Any CPU
		{79265FD6-F0AF-4D2B-BAD0-D8F9A5024734}.Release|Any CPU.Build.0 = Release|Any CPU
		{E78B15E2-BEBA-4C09-9B27-7C7B9A48643A}.Debug|Any CPU.ActiveCfg = Debug|Any CPU
		{E78B15E2-BEBA-4C09-9B27-7C7B9A48643A}.Debug|Any CPU.Build.0 = Debug|Any CPU
		{E78B15E2-BEBA-4C09-9B27-7C7B9A48643A}.Release|Any CPU.ActiveCfg = Release|Any CPU
		{E78B15E2-BEBA-4C09-9B27-7C7B9A48643A}.Release|Any CPU.Build.0 = Release|Any CPU
		{CBE3438F-3456-4862-850C-FCFB3401FA59}.Debug|Any CPU.ActiveCfg = Debug|Any CPU
		{CBE3438F-3456-4862-850C-FCFB3401FA59}.Debug|Any CPU.Build.0 = Debug|Any CPU
		{CBE3438F-3456-4862-850C-FCFB3401FA59}.Release|Any CPU.ActiveCfg = Release|Any CPU
		{CBE3438F-3456-4862-850C-FCFB3401FA59}.Release|Any CPU.Build.0 = Release|Any CPU
		{246600B5-F424-4482-BC5E-C5E9C11120A0}.Debug|Any CPU.ActiveCfg = Debug|Any CPU
		{246600B5-F424-4482-BC5E-C5E9C11120A0}.Debug|Any CPU.Build.0 = Debug|Any CPU
		{246600B5-F424-4482-BC5E-C5E9C11120A0}.Release|Any CPU.ActiveCfg = Release|Any CPU
		{246600B5-F424-4482-BC5E-C5E9C11120A0}.Release|Any CPU.Build.0 = Release|Any CPU
		{FFF14C90-BA12-4C79-A7AB-9A389DA19D60}.Debug|Any CPU.ActiveCfg = Debug|Any CPU
		{FFF14C90-BA12-4C79-A7AB-9A389DA19D60}.Debug|Any CPU.Build.0 = Debug|Any CPU
		{FFF14C90-BA12-4C79-A7AB-9A389DA19D60}.Release|Any CPU.ActiveCfg = Release|Any CPU
		{FFF14C90-BA12-4C79-A7AB-9A389DA19D60}.Release|Any CPU.Build.0 = Release|Any CPU
		{B1FFC914-4131-4CBB-B3E7-D05BB2D63AE7}.Debug|Any CPU.ActiveCfg = Debug|Any CPU
		{B1FFC914-4131-4CBB-B3E7-D05BB2D63AE7}.Debug|Any CPU.Build.0 = Debug|Any CPU
		{B1FFC914-4131-4CBB-B3E7-D05BB2D63AE7}.Release|Any CPU.ActiveCfg = Release|Any CPU
		{B1FFC914-4131-4CBB-B3E7-D05BB2D63AE7}.Release|Any CPU.Build.0 = Release|Any CPU
		{951DA34D-3743-4D8C-9729-002F7996ACB2}.Debug|Any CPU.ActiveCfg = Debug|Any CPU
		{951DA34D-3743-4D8C-9729-002F7996ACB2}.Debug|Any CPU.Build.0 = Debug|Any CPU
		{951DA34D-3743-4D8C-9729-002F7996ACB2}.Release|Any CPU.ActiveCfg = Release|Any CPU
		{951DA34D-3743-4D8C-9729-002F7996ACB2}.Release|Any CPU.Build.0 = Release|Any CPU
		{1B291FFC-E8C4-4152-9C53-62DBE71EB671}.Debug|Any CPU.ActiveCfg = Debug|Any CPU
		{1B291FFC-E8C4-4152-9C53-62DBE71EB671}.Debug|Any CPU.Build.0 = Debug|Any CPU
		{1B291FFC-E8C4-4152-9C53-62DBE71EB671}.Release|Any CPU.ActiveCfg = Release|Any CPU
		{1B291FFC-E8C4-4152-9C53-62DBE71EB671}.Release|Any CPU.Build.0 = Release|Any CPU
		{F2789B26-51AB-4D79-ACF9-74EA72881F31}.Debug|Any CPU.ActiveCfg = Debug|Any CPU
		{F2789B26-51AB-4D79-ACF9-74EA72881F31}.Debug|Any CPU.Build.0 = Debug|Any CPU
		{F2789B26-51AB-4D79-ACF9-74EA72881F31}.Release|Any CPU.ActiveCfg = Release|Any CPU
		{F2789B26-51AB-4D79-ACF9-74EA72881F31}.Release|Any CPU.Build.0 = Release|Any CPU
		{BDD8E33A-F3F1-41AD-A413-F5C47E5FEE3F}.Debug|Any CPU.ActiveCfg = Debug|Any CPU
		{BDD8E33A-F3F1-41AD-A413-F5C47E5FEE3F}.Debug|Any CPU.Build.0 = Debug|Any CPU
		{BDD8E33A-F3F1-41AD-A413-F5C47E5FEE3F}.Release|Any CPU.ActiveCfg = Release|Any CPU
		{BDD8E33A-F3F1-41AD-A413-F5C47E5FEE3F}.Release|Any CPU.Build.0 = Release|Any CPU
		{926D82C3-7354-403B-AFED-2CB8B59A5E62}.Debug|Any CPU.ActiveCfg = Debug|Any CPU
		{926D82C3-7354-403B-AFED-2CB8B59A5E62}.Debug|Any CPU.Build.0 = Debug|Any CPU
		{926D82C3-7354-403B-AFED-2CB8B59A5E62}.Release|Any CPU.ActiveCfg = Release|Any CPU
		{926D82C3-7354-403B-AFED-2CB8B59A5E62}.Release|Any CPU.Build.0 = Release|Any CPU
		{8759856F-9E71-4394-B71E-AADF8F79566C}.Debug|Any CPU.ActiveCfg = Debug|Any CPU
		{8759856F-9E71-4394-B71E-AADF8F79566C}.Debug|Any CPU.Build.0 = Debug|Any CPU
		{8759856F-9E71-4394-B71E-AADF8F79566C}.Release|Any CPU.ActiveCfg = Release|Any CPU
		{8759856F-9E71-4394-B71E-AADF8F79566C}.Release|Any CPU.Build.0 = Release|Any CPU
		{8FAAED9F-917D-4E88-B96B-FF1365AA8449}.Debug|Any CPU.ActiveCfg = Debug|Any CPU
		{8FAAED9F-917D-4E88-B96B-FF1365AA8449}.Debug|Any CPU.Build.0 = Debug|Any CPU
		{8FAAED9F-917D-4E88-B96B-FF1365AA8449}.Release|Any CPU.ActiveCfg = Release|Any CPU
		{8FAAED9F-917D-4E88-B96B-FF1365AA8449}.Release|Any CPU.Build.0 = Release|Any CPU
	EndGlobalSection
	GlobalSection(SolutionProperties) = preSolution
		HideSolutionNode = FALSE
	EndGlobalSection
	GlobalSection(ExtensibilityGlobals) = postSolution
		SolutionGuid = {62D8C44D-081A-4CCD-9012-2C2A4D64C0F0}
	EndGlobalSection
EndGlobal
